
Microsoft Visual Studio Solution File, Format Version 12.00
# Visual Studio Version 17
VisualStudioVersion = 17.5.33627.172
MinimumVisualStudioVersion = 10.0.40219.1
Project("{9A19103F-16F7-4668-BE54-9A1E7A4F7556}") = "NetLink.API", "NetLink.API\NetLink.API.csproj", "{12826345-48C4-4A4C-8B19-98B62D454F96}"
EndProject
Project("{9A19103F-16F7-4668-BE54-9A1E7A4F7556}") = "NetLink", "NetLink\NetLink.csproj", "{3FAE8E99-2543-4596-A1F6-C3A9EA41A55F}"
EndProject
Project("{FAE04EC0-301F-11D3-BF4B-00C04F79EFBC}") = "NetLink.Playground", "NetLink.Playground\NetLink.Playground.csproj", "{083ACBFA-4FB4-44F3-8C1A-5827722721B7}"
EndProject
Global
	GlobalSection(SolutionConfigurationPlatforms) = preSolution
		Debug|Any CPU = Debug|Any CPU
		Release|Any CPU = Release|Any CPU
	EndGlobalSection
	GlobalSection(ProjectConfigurationPlatforms) = postSolution
		{12826345-48C4-4A4C-8B19-98B62D454F96}.Debug|Any CPU.ActiveCfg = Debug|Any CPU
		{12826345-48C4-4A4C-8B19-98B62D454F96}.Debug|Any CPU.Build.0 = Debug|Any CPU
		{12826345-48C4-4A4C-8B19-98B62D454F96}.Release|Any CPU.ActiveCfg = Release|Any CPU
		{12826345-48C4-4A4C-8B19-98B62D454F96}.Release|Any CPU.Build.0 = Release|Any CPU
		{3FAE8E99-2543-4596-A1F6-C3A9EA41A55F}.Debug|Any CPU.ActiveCfg = Debug|Any CPU
		{3FAE8E99-2543-4596-A1F6-C3A9EA41A55F}.Debug|Any CPU.Build.0 = Debug|Any CPU
		{3FAE8E99-2543-4596-A1F6-C3A9EA41A55F}.Release|Any CPU.ActiveCfg = Release|Any CPU
		{3FAE8E99-2543-4596-A1F6-C3A9EA41A55F}.Release|Any CPU.Build.0 = Release|Any CPU
		{083ACBFA-4FB4-44F3-8C1A-5827722721B7}.Debug|Any CPU.ActiveCfg = Debug|Any CPU
		{083ACBFA-4FB4-44F3-8C1A-5827722721B7}.Debug|Any CPU.Build.0 = Debug|Any CPU
		{083ACBFA-4FB4-44F3-8C1A-5827722721B7}.Release|Any CPU.ActiveCfg = Release|Any CPU
		{083ACBFA-4FB4-44F3-8C1A-5827722721B7}.Release|Any CPU.Build.0 = Release|Any CPU
	EndGlobalSection
	GlobalSection(SolutionProperties) = preSolution
		HideSolutionNode = FALSE
	EndGlobalSection
	GlobalSection(ExtensibilityGlobals) = postSolution
		SolutionGuid = {EB88AD89-BEFD-4F59-895F-552DA2529D0C}
	EndGlobalSection
EndGlobal
